
Microsoft Visual Studio Solution File, Format Version 12.00
# Visual Studio Version 17
VisualStudioVersion = 17.14.36408.4
MinimumVisualStudioVersion = 10.0.40219.1
Project("{2150E333-8FDC-42A3-9474-1A3956D46DE8}") = "01", "01", "{02EA681E-C7D8-13C7-8484-4AC65E1B71E8}"
EndProject
Project("{FAE04EC0-301F-11D3-BF4B-00C04F79EFBC}") = "IsNumberOddOrNot", "IsNumberOddOrNot\IsNumberOddOrNot.csproj", "{B2973BEA-7BB4-45F4-87DF-88C46DE33035}"
EndProject
Project("{2150E333-8FDC-42A3-9474-1A3956D46DE8}") = "02", "02", "{804DE905-0E0D-4C73-8D47-683328154F83}"
EndProject
Project("{FAE04EC0-301F-11D3-BF4B-00C04F79EFBC}") = "TheGreathestNumber", "TheGreathestNumber\TheGreathestNumber.csproj", "{21CC1EE9-85BE-41E7-A5B1-24DBC19F7949}"
EndProject
Project("{2150E333-8FDC-42A3-9474-1A3956D46DE8}") = "03", "03", "{1F9DAA20-979D-4A90-8CC3-3F20A746AC1D}"
EndProject
Project("{FAE04EC0-301F-11D3-BF4B-00C04F79EFBC}") = "SortNumbers", "SortNumbers\SortNumbers.csproj", "{98AE54CC-0925-4824-B4C6-F53BA8424815}"
EndProject
Project("{2150E333-8FDC-42A3-9474-1A3956D46DE8}") = "04", "04", "{62CC1BB7-D1FE-41A8-A661-3A31257CCFEB}"
EndProject
Project("{FAE04EC0-301F-11D3-BF4B-00C04F79EFBC}") = "IsMultipleOfAnother", "IsMultipleOfAnother\IsMultipleOfAnother.csproj", "{03BE67A3-9F16-4751-A31D-A41D591F42F9}"
EndProject
Project("{2150E333-8FDC-42A3-9474-1A3956D46DE8}") = "05", "05", "{7C668C50-20A1-4DF1-8CF9-D6678B4113D0}"
EndProject
Project("{FAE04EC0-301F-11D3-BF4B-00C04F79EFBC}") = "IsLeapYear", "IsLeapYear\IsLeapYear.csproj", "{8B27E310-EDF2-43D2-B8FE-5C3FB04AA8EB}"
EndProject
Project("{2150E333-8FDC-42A3-9474-1A3956D46DE8}") = "Shared", "Shared", "{0E029E2A-CC3F-4054-8A12-B5F4277B0E42}"
EndProject
Project("{FAE04EC0-301F-11D3-BF4B-00C04F79EFBC}") = "Shared", "Shared\Shared.csproj", "{6FD3354D-F2CD-42E1-A179-BC2E0645AAF3}"
EndProject
Project("{2150E333-8FDC-42A3-9474-1A3956D46DE8}") = "06", "06", "{D7116318-5D59-485A-B960-7763E82F163E}"
EndProject
Project("{FAE04EC0-301F-11D3-BF4B-00C04F79EFBC}") = "SimplePayroll", "SimplePayroll\SimplePayroll.csproj", "{84824EFA-7ADC-4EF9-AC30-159A31DB5173}"
EndProject
Project("{2150E333-8FDC-42A3-9474-1A3956D46DE8}") = "07", "07", "{A122F3B1-E0FD-465B-8287-70976B460142}"
EndProject
Project("{FAE04EC0-301F-11D3-BF4B-00C04F79EFBC}") = "Discounts", "Discounts\Discounts.csproj", "{0F6B0B9D-1DB5-4DFC-9D01-01DA8BE9DFD2}"
EndProject
Project("{2150E333-8FDC-42A3-9474-1A3956D46DE8}") = "08", "08", "{7D3506E2-337A-40B4-8FFA-B1CB1F76A8BC}"
EndProject
Project("{FAE04EC0-301F-11D3-BF4B-00C04F79EFBC}") = "RegistrationValue", "RegistrationValue\RegistrationValue.csproj", "{011A4892-02EA-43B3-ACB5-8F8F5F2E907E}"
EndProject
Global
	GlobalSection(SolutionConfigurationPlatforms) = preSolution
		Debug|Any CPU = Debug|Any CPU
		Release|Any CPU = Release|Any CPU
	EndGlobalSection
	GlobalSection(ProjectConfigurationPlatforms) = postSolution
		{B2973BEA-7BB4-45F4-87DF-88C46DE33035}.Debug|Any CPU.ActiveCfg = Debug|Any CPU
		{B2973BEA-7BB4-45F4-87DF-88C46DE33035}.Debug|Any CPU.Build.0 = Debug|Any CPU
		{B2973BEA-7BB4-45F4-87DF-88C46DE33035}.Release|Any CPU.ActiveCfg = Release|Any CPU
		{B2973BEA-7BB4-45F4-87DF-88C46DE33035}.Release|Any CPU.Build.0 = Release|Any CPU
		{21CC1EE9-85BE-41E7-A5B1-24DBC19F7949}.Debug|Any CPU.ActiveCfg = Debug|Any CPU
		{21CC1EE9-85BE-41E7-A5B1-24DBC19F7949}.Debug|Any CPU.Build.0 = Debug|Any CPU
		{21CC1EE9-85BE-41E7-A5B1-24DBC19F7949}.Release|Any CPU.ActiveCfg = Release|Any CPU
		{21CC1EE9-85BE-41E7-A5B1-24DBC19F7949}.Release|Any CPU.Build.0 = Release|Any CPU
		{98AE54CC-0925-4824-B4C6-F53BA8424815}.Debug|Any CPU.ActiveCfg = Debug|Any CPU
		{98AE54CC-0925-4824-B4C6-F53BA8424815}.Debug|Any CPU.Build.0 = Debug|Any CPU
		{98AE54CC-0925-4824-B4C6-F53BA8424815}.Release|Any CPU.ActiveCfg = Release|Any CPU
		{98AE54CC-0925-4824-B4C6-F53BA8424815}.Release|Any CPU.Build.0 = Release|Any CPU
		{03BE67A3-9F16-4751-A31D-A41D591F42F9}.Debug|Any CPU.ActiveCfg = Debug|Any CPU
		{03BE67A3-9F16-4751-A31D-A41D591F42F9}.Debug|Any CPU.Build.0 = Debug|Any CPU
		{03BE67A3-9F16-4751-A31D-A41D591F42F9}.Release|Any CPU.ActiveCfg = Release|Any CPU
		{03BE67A3-9F16-4751-A31D-A41D591F42F9}.Release|Any CPU.Build.0 = Release|Any CPU
		{8B27E310-EDF2-43D2-B8FE-5C3FB04AA8EB}.Debug|Any CPU.ActiveCfg = Debug|Any CPU
		{8B27E310-EDF2-43D2-B8FE-5C3FB04AA8EB}.Debug|Any CPU.Build.0 = Debug|Any CPU
		{8B27E310-EDF2-43D2-B8FE-5C3FB04AA8EB}.Release|Any CPU.ActiveCfg = Release|Any CPU
		{8B27E310-EDF2-43D2-B8FE-5C3FB04AA8EB}.Release|Any CPU.Build.0 = Release|Any CPU
		{6FD3354D-F2CD-42E1-A179-BC2E0645AAF3}.Debug|Any CPU.ActiveCfg = Debug|Any CPU
		{6FD3354D-F2CD-42E1-A179-BC2E0645AAF3}.Debug|Any CPU.Build.0 = Debug|Any CPU
		{6FD3354D-F2CD-42E1-A179-BC2E0645AAF3}.Release|Any CPU.ActiveCfg = Release|Any CPU
		{6FD3354D-F2CD-42E1-A179-BC2E0645AAF3}.Release|Any CPU.Build.0 = Release|Any CPU
		{84824EFA-7ADC-4EF9-AC30-159A31DB5173}.Debug|Any CPU.ActiveCfg = Debug|Any CPU
		{84824EFA-7ADC-4EF9-AC30-159A31DB5173}.Debug|Any CPU.Build.0 = Debug|Any CPU
		{84824EFA-7ADC-4EF9-AC30-159A31DB5173}.Release|Any CPU.ActiveCfg = Release|Any CPU
		{84824EFA-7ADC-4EF9-AC30-159A31DB5173}.Release|Any CPU.Build.0 = Release|Any CPU
		{0F6B0B9D-1DB5-4DFC-9D01-01DA8BE9DFD2}.Debug|Any CPU.ActiveCfg = Debug|Any CPU
		{0F6B0B9D-1DB5-4DFC-9D01-01DA8BE9DFD2}.Debug|Any CPU.Build.0 = Debug|Any CPU
		{0F6B0B9D-1DB5-4DFC-9D01-01DA8BE9DFD2}.Release|Any CPU.ActiveCfg = Release|Any CPU
		{0F6B0B9D-1DB5-4DFC-9D01-01DA8BE9DFD2}.Release|Any CPU.Build.0 = Release|Any CPU
		{011A4892-02EA-43B3-ACB5-8F8F5F2E907E}.Debug|Any CPU.ActiveCfg = Debug|Any CPU
		{011A4892-02EA-43B3-ACB5-8F8F5F2E907E}.Debug|Any CPU.Build.0 = Debug|Any CPU
		{011A4892-02EA-43B3-ACB5-8F8F5F2E907E}.Release|Any CPU.ActiveCfg = Release|Any CPU
		{011A4892-02EA-43B3-ACB5-8F8F5F2E907E}.Release|Any CPU.Build.0 = Release|Any CPU
	EndGlobalSection
	GlobalSection(SolutionProperties) = preSolution
		HideSolutionNode = FALSE
	EndGlobalSection
	GlobalSection(NestedProjects) = preSolution
		{B2973BEA-7BB4-45F4-87DF-88C46DE33035} = {02EA681E-C7D8-13C7-8484-4AC65E1B71E8}
		{21CC1EE9-85BE-41E7-A5B1-24DBC19F7949} = {804DE905-0E0D-4C73-8D47-683328154F83}
		{98AE54CC-0925-4824-B4C6-F53BA8424815} = {1F9DAA20-979D-4A90-8CC3-3F20A746AC1D}
		{03BE67A3-9F16-4751-A31D-A41D591F42F9} = {62CC1BB7-D1FE-41A8-A661-3A31257CCFEB}
		{8B27E310-EDF2-43D2-B8FE-5C3FB04AA8EB} = {7C668C50-20A1-4DF1-8CF9-D6678B4113D0}
		{6FD3354D-F2CD-42E1-A179-BC2E0645AAF3} = {0E029E2A-CC3F-4054-8A12-B5F4277B0E42}
		{84824EFA-7ADC-4EF9-AC30-159A31DB5173} = {D7116318-5D59-485A-B960-7763E82F163E}
		{0F6B0B9D-1DB5-4DFC-9D01-01DA8BE9DFD2} = {A122F3B1-E0FD-465B-8287-70976B460142}
		{011A4892-02EA-43B3-ACB5-8F8F5F2E907E} = {7D3506E2-337A-40B4-8FFA-B1CB1F76A8BC}
	EndGlobalSection
	GlobalSection(ExtensibilityGlobals) = postSolution
		SolutionGuid = {3B822549-6323-4857-BBA4-BE61DC19CA23}
	EndGlobalSection
EndGlobal
